
Microsoft Visual Studio Solution File, Format Version 12.00
# Visual Studio Version 17
VisualStudioVersion = 17.9.34723.18
MinimumVisualStudioVersion = 10.0.40219.1
Project("{FAE04EC0-301F-11D3-BF4B-00C04F79EFBC}") = "WindowsFormsApp3", "WindowsFormsApp3.csproj", "{CED79558-BDBA-44EB-BE51-20E67D398892}"
EndProject
Project("{FAE04EC0-301F-11D3-BF4B-00C04F79EFBC}") = "SmarQWebForms", "..\SmarQWebForms\SmarQWebForms.csproj", "{10FDEF43-9D5E-468D-AF28-39AF48DA2512}"
EndProject
Project("{00D1A9C2-B5F0-4AF3-8072-F6C62B433612}") = "SmartQDatabase", "..\SmartQDatabase\SmartQDatabase.sqlproj", "{491885F3-4A00-40DB-BEA2-214BEDCB962F}"
EndProject
Global
	GlobalSection(SolutionConfigurationPlatforms) = preSolution
		Debug|Any CPU = Debug|Any CPU
		Release|Any CPU = Release|Any CPU
	EndGlobalSection
	GlobalSection(ProjectConfigurationPlatforms) = postSolution
		{CED79558-BDBA-44EB-BE51-20E67D398892}.Debug|Any CPU.ActiveCfg = Debug|Any CPU
		{CED79558-BDBA-44EB-BE51-20E67D398892}.Debug|Any CPU.Build.0 = Debug|Any CPU
		{CED79558-BDBA-44EB-BE51-20E67D398892}.Release|Any CPU.ActiveCfg = Release|Any CPU
		{CED79558-BDBA-44EB-BE51-20E67D398892}.Release|Any CPU.Build.0 = Release|Any CPU
		{10FDEF43-9D5E-468D-AF28-39AF48DA2512}.Debug|Any CPU.ActiveCfg = Debug|Any CPU
		{10FDEF43-9D5E-468D-AF28-39AF48DA2512}.Debug|Any CPU.Build.0 = Debug|Any CPU
		{10FDEF43-9D5E-468D-AF28-39AF48DA2512}.Release|Any CPU.ActiveCfg = Release|Any CPU
		{10FDEF43-9D5E-468D-AF28-39AF48DA2512}.Release|Any CPU.Build.0 = Release|Any CPU
		{491885F3-4A00-40DB-BEA2-214BEDCB962F}.Debug|Any CPU.ActiveCfg = Debug|Any CPU
		{491885F3-4A00-40DB-BEA2-214BEDCB962F}.Debug|Any CPU.Build.0 = Debug|Any CPU
		{491885F3-4A00-40DB-BEA2-214BEDCB962F}.Debug|Any CPU.Deploy.0 = Debug|Any CPU
		{491885F3-4A00-40DB-BEA2-214BEDCB962F}.Release|Any CPU.ActiveCfg = Release|Any CPU
		{491885F3-4A00-40DB-BEA2-214BEDCB962F}.Release|Any CPU.Build.0 = Release|Any CPU
		{491885F3-4A00-40DB-BEA2-214BEDCB962F}.Release|Any CPU.Deploy.0 = Release|Any CPU
	EndGlobalSection
	GlobalSection(SolutionProperties) = preSolution
		HideSolutionNode = FALSE
	EndGlobalSection
	GlobalSection(ExtensibilityGlobals) = postSolution
		SolutionGuid = {ED1420D6-3BB2-41CE-85F6-5A6E5CDEB1E5}
	EndGlobalSection
EndGlobal
